{
  "name": "uwebsockets-stock-trader",
  "version": "1.0.0",
  "lockfileVersion": 1,
  "requires": true,
  "dependencies": {
    "uWebSockets.js": {
      "version": "github:uNetworking/uWebSockets.js#bd720c90ff8b90f478d918c1cbe3f1dcbc3a765b",
      "from": "github:uNetworking/uWebSockets.js#v18.11.0"
    }
  }
}
